
Microsoft Visual Studio Solution File, Format Version 12.00
# Visual Studio Version 17
VisualStudioVersion = 17.0.32014.148
MinimumVisualStudioVersion = 10.0.40219.1
Project("{9A19103F-16F7-4668-BE54-9A1E7A4F7556}") = "AproturWeb", "AproturWeb.csproj", "{A069C7C3-0159-4C94-8279-44FEE8BDC594}"
EndProject
Project("{2150E333-8FDC-42A3-9474-1A3956D46DE8}") = "Elementos de la solución", "Elementos de la solución", "{33342630-7C74-4CEA-BCF9-61DE9612887F}"
	ProjectSection(SolutionItems) = preProject
		.editorconfig = .editorconfig
	EndProjectSection
EndProject
Project("{9A19103F-16F7-4668-BE54-9A1E7A4F7556}") = "GeoPlus.Common", "GeoPlus.Common\GeoPlus.Common.csproj", "{C3614567-D1CA-4993-99BF-027AC84617B0}"
EndProject
Global
	GlobalSection(SolutionConfigurationPlatforms) = preSolution
		Debug|Any CPU = Debug|Any CPU
		Release|Any CPU = Release|Any CPU
	EndGlobalSection
	GlobalSection(ProjectConfigurationPlatforms) = postSolution
		{A069C7C3-0159-4C94-8279-44FEE8BDC594}.Debug|Any CPU.ActiveCfg = Debug|Any CPU
		{A069C7C3-0159-4C94-8279-44FEE8BDC594}.Debug|Any CPU.Build.0 = Debug|Any CPU
		{A069C7C3-0159-4C94-8279-44FEE8BDC594}.Release|Any CPU.ActiveCfg = Release|Any CPU
		{A069C7C3-0159-4C94-8279-44FEE8BDC594}.Release|Any CPU.Build.0 = Release|Any CPU
		{C3614567-D1CA-4993-99BF-027AC84617B0}.Debug|Any CPU.ActiveCfg = Debug|Any CPU
		{C3614567-D1CA-4993-99BF-027AC84617B0}.Debug|Any CPU.Build.0 = Debug|Any CPU
		{C3614567-D1CA-4993-99BF-027AC84617B0}.Release|Any CPU.ActiveCfg = Release|Any CPU
		{C3614567-D1CA-4993-99BF-027AC84617B0}.Release|Any CPU.Build.0 = Release|Any CPU
	EndGlobalSection
	GlobalSection(SolutionProperties) = preSolution
		HideSolutionNode = FALSE
	EndGlobalSection
	GlobalSection(ExtensibilityGlobals) = postSolution
		SolutionGuid = {C75D59FF-D3DC-456D-B589-D35513741717}
	EndGlobalSection
EndGlobal
